{
  "originHash" : "ce9a24bfdcc6c520f28e7d7ca9b22b4438f263e564db75210b505d762f8150c0",
  "pins" : [
    {
      "identity" : "swifttasksgenai",
      "kind" : "remoteSourceControl",
      "location" : "https://github.com/paescebu/SwiftTasksGenAI",
      "state" : {
        "revision" : "cc9f137f89af5b2a7d258ebed44162a8d432f8d1",
        "version" : "0.10.24"
      }
    }
  ],
  "version" : 3
}
